# @generated by Move, please check-in and do not edit manually.

[move]
version = 3
manifest_digest = "3100E4AC72ABB3E4B261E413558C01EB8C765CF350901AC78ED3A6EC1385A0E8"
deps_digest = "F8BBB0CCB2491CA29A3DF03D6F92277A4F3574266507ACD77214D37ECA3F3082"
dependencies = [
  { id = "One", name = "One" },
]

[[move.package]]
id = "MoveStdlib"
source = { git = "https://github.com/one-chain-labs/onechain.git", rev = "main", subdir = "crates/sui-framework/packages/move-stdlib" }

[[move.package]]
id = "One"
source = { git = "https://github.com/one-chain-labs/onechain.git", rev = "main", subdir = "crates/sui-framework/packages/one-framework" }

dependencies = [
  { id = "MoveStdlib", name = "MoveStdlib" },
]

[move.toolchain-version]
compiler-version = "1.0.4"
edition = "2024.beta"
flavor = "one"

[env]

[env.testnet]
chain-id = "1bd5c965"
original-published-id = "0x1c6ffbfbb6802ce3fc34265c255c3768883ec8e93b9268fea738912c3817ac1a"
latest-published-id = "0x1c6ffbfbb6802ce3fc34265c255c3768883ec8e93b9268fea738912c3817ac1a"
published-version = "1"

[env.onechain-testnet]
chain-id = "1bd5c965"
original-published-id = "0x5f3894f6e1bb292ca51e15f3f7d9e9ce2aac138b85171b5eafa21f8c3b2415af"
latest-published-id = "0x5f3894f6e1bb292ca51e15f3f7d9e9ce2aac138b85171b5eafa21f8c3b2415af"
published-version = "1"

[env.mainnet]
chain-id = "684f4c2b"
original-published-id = "0xd08bc859e825518799a65e82215748338bba3c77944960abe257b3a309acc23c"
latest-published-id = "0xd08bc859e825518799a65e82215748338bba3c77944960abe257b3a309acc23c"
published-version = "1"
